// !$*UTF8*$!
{
	archiveVersion = 1;
	classes = {
	};
	objectVersion = 51;
	objects = {

/* Begin PBXBuildFile section */
		922E6B6927F28FDA00656585 /* AppDelegate.swift in Sources */ = {isa = PBXBuildFile; fileRef = 922E6B6727F28FDA00656585 /* AppDelegate.swift */; };
		922E6B6A27F28FDA00656585 /* SceneDelegate.swift in Sources */ = {isa = PBXBuildFile; fileRef = 922E6B6827F28FDA00656585 /* SceneDelegate.swift */; };
		922E6B7027F2903500656585 /* BaseViewController.swift in Sources */ = {isa = PBXBuildFile; fileRef = 922E6B6E27F2903500656585 /* BaseViewController.swift */; };
		922E6B7127F2903500656585 /* BaseViewModel.swift in Sources */ = {isa = PBXBuildFile; fileRef = 922E6B6F27F2903500656585 /* BaseViewModel.swift */; };
		922E6B7927F2904700656585 /* CardListTableViewCell.swift in Sources */ = {isa = PBXBuildFile; fileRef = 922E6B7527F2904700656585 /* CardListTableViewCell.swift */; };
		922E6B7A27F2904700656585 /* HomeLandingVM.swift in Sources */ = {isa = PBXBuildFile; fileRef = 922E6B7627F2904700656585 /* HomeLandingVM.swift */; };
		922E6B7B27F2904700656585 /* CardListTableViewCellVM.swift in Sources */ = {isa = PBXBuildFile; fileRef = 922E6B7727F2904700656585 /* CardListTableViewCellVM.swift */; };
		922E6B7C27F2904700656585 /* HomeLandingViewController.swift in Sources */ = {isa = PBXBuildFile; fileRef = 922E6B7827F2904700656585 /* HomeLandingViewController.swift */; };
		922E6B8227F2907A00656585 /* CardDetailsViewController.swift in Sources */ = {isa = PBXBuildFile; fileRef = 922E6B8027F2907A00656585 /* CardDetailsViewController.swift */; };
		922E6B8327F2907A00656585 /* CardDetailsVM.swift in Sources */ = {isa = PBXBuildFile; fileRef = 922E6B8127F2907A00656585 /* CardDetailsVM.swift */; };
		922E6B8927F2909200656585 /* RepositoryTask.swift in Sources */ = {isa = PBXBuildFile; fileRef = 922E6B8727F2909200656585 /* RepositoryTask.swift */; };
		922E6B8A27F2909200656585 /* DataTransferService.swift in Sources */ = {isa = PBXBuildFile; fileRef = 922E6B8827F2909200656585 /* DataTransferService.swift */; };
		922E6B8F27F290A400656585 /* DefaultCardsRepository.swift in Sources */ = {isa = PBXBuildFile; fileRef = 922E6B8E27F290A400656585 /* DefaultCardsRepository.swift */; };
		922E6B9627F290B600656585 /* CardsService.swift in Sources */ = {isa = PBXBuildFile; fileRef = 922E6B9327F290B600656585 /* CardsService.swift */; };
		922E6B9727F290B600656585 /* NetworkService.swift in Sources */ = {isa = PBXBuildFile; fileRef = 922E6B9427F290B600656585 /* NetworkService.swift */; };
		922E6B9827F290B600656585 /* CardsNetworkManager.swift in Sources */ = {isa = PBXBuildFile; fileRef = 922E6B9527F290B600656585 /* CardsNetworkManager.swift */; };
		922E6BCC27F298F500656585 /* Main.storyboard in Resources */ = {isa = PBXBuildFile; fileRef = 922E6BC827F298F500656585 /* Main.storyboard */; };
		922E6BCD27F298F500656585 /* LaunchScreen.storyboard in Resources */ = {isa = PBXBuildFile; fileRef = 922E6BCA27F298F500656585 /* LaunchScreen.storyboard */; };
		922E6BF527F2A48000656585 /* BaseCardsTests.swift in Sources */ = {isa = PBXBuildFile; fileRef = 922E6BF427F2A48000656585 /* BaseCardsTests.swift */; };
		922E6BFD27F2A4A900656585 /* Mock.swift in Sources */ = {isa = PBXBuildFile; fileRef = 922E6BFC27F2A4A900656585 /* Mock.swift */; };
		922E6C0527F2A4C400656585 /* CompareUtils.swift in Sources */ = {isa = PBXBuildFile; fileRef = 922E6C0427F2A4C400656585 /* CompareUtils.swift */; };
		922E6C0D27F2A4EC00656585 /* CardModelTests.swift in Sources */ = {isa = PBXBuildFile; fileRef = 922E6C0C27F2A4EC00656585 /* CardModelTests.swift */; };
		922E6C1527F2A55000656585 /* CardsRepositoryStub.swift in Sources */ = {isa = PBXBuildFile; fileRef = 922E6C1427F2A55000656585 /* CardsRepositoryStub.swift */; };
		922E6C1D27F2A56000656585 /* FetchCardsListUseCaseTest.swift in Sources */ = {isa = PBXBuildFile; fileRef = 922E6C1C27F2A56000656585 /* FetchCardsListUseCaseTest.swift */; };
		922E6C2627F2A57400656585 /* CardServiceTest.swift in Sources */ = {isa = PBXBuildFile; fileRef = 922E6C2427F2A57300656585 /* CardServiceTest.swift */; };
		922E6C2727F2A57400656585 /* NetworkTestingStubProvider.swift in Sources */ = {isa = PBXBuildFile; fileRef = 922E6C2527F2A57400656585 /* NetworkTestingStubProvider.swift */; };
		925D4F8627F1BABA009E1AA5 /* cardsUITests.swift in Sources */ = {isa = PBXBuildFile; fileRef = 925D4F8527F1BABA009E1AA5 /* cardsUITests.swift */; };
		92F8FB9B27F28D5100CA3717 /* Assets.xcassets in Resources */ = {isa = PBXBuildFile; fileRef = 92F8FB9A27F28D5100CA3717 /* Assets.xcassets */; };
		92F8FBA327F28D9800CA3717 /* CardsRepository.swift in Sources */ = {isa = PBXBuildFile; fileRef = 92F8FBA227F28D9800CA3717 /* CardsRepository.swift */; };
		92F8FBA627F28DB000CA3717 /* FetchCardsListUseCase.swift in Sources */ = {isa = PBXBuildFile; fileRef = 92F8FBA427F28DB000CA3717 /* FetchCardsListUseCase.swift */; };
		92F8FBA727F28DB000CA3717 /* CardsUseCase.swift in Sources */ = {isa = PBXBuildFile; fileRef = 92F8FBA527F28DB000CA3717 /* CardsUseCase.swift */; };
		92F8FBAA27F28DDD00CA3717 /* Card.swift in Sources */ = {isa = PBXBuildFile; fileRef = 92F8FBA827F28DDD00CA3717 /* Card.swift */; };
		92F8FBAB27F28DDD00CA3717 /* CardType.swift in Sources */ = {isa = PBXBuildFile; fileRef = 92F8FBA927F28DDD00CA3717 /* CardType.swift */; };
		92F8FBAD27F28DF600CA3717 /* Cancellable.swift in Sources */ = {isa = PBXBuildFile; fileRef = 92F8FBAC27F28DF600CA3717 /* Cancellable.swift */; };
		9BBC3F02D29C28CB9580D1BB /* Pods_cards.framework in Frameworks */ = {isa = PBXBuildFile; fileRef = 09FF3DEF9AC64F7D2CD7AE71 /* Pods_cards.framework */; };
		F82C82BE4F09C0487D5B5515 /* Pods_cardsTests.framework in Frameworks */ = {isa = PBXBuildFile; fileRef = 32A4FC4E5DE12861885A28FA /* Pods_cardsTests.framework */; };
/* End PBXBuildFile section */

/* Begin PBXContainerItemProxy section */
		925D4F7727F1BABA009E1AA5 /* PBXContainerItemProxy */ = {
			isa = PBXContainerItemProxy;
			containerPortal = 925D4F5827F1BAB8009E1AA5 /* Project object */;
			proxyType = 1;
			remoteGlobalIDString = 925D4F5F27F1BAB8009E1AA5;
			remoteInfo = cards;
		};
		925D4F8227F1BABA009E1AA5 /* PBXContainerItemProxy */ = {
			isa = PBXContainerItemProxy;
			containerPortal = 925D4F5827F1BAB8009E1AA5 /* Project object */;
			proxyType = 1;
			remoteGlobalIDString = 925D4F5F27F1BAB8009E1AA5;
			remoteInfo = cards;
		};
/* End PBXContainerItemProxy section */

/* Begin PBXFileReference section */
		09FF3DEF9AC64F7D2CD7AE71 /* Pods_cards.framework */ = {isa = PBXFileReference; explicitFileType = wrapper.framework; includeInIndex = 0; path = Pods_cards.framework; sourceTree = BUILT_PRODUCTS_DIR; };
		32A4FC4E5DE12861885A28FA /* Pods_cardsTests.framework */ = {isa = PBXFileReference; explicitFileType = wrapper.framework; includeInIndex = 0; path = Pods_cardsTests.framework; sourceTree = BUILT_PRODUCTS_DIR; };
		4DB2DAC1FBB56E2AC885B9AE /* Pods-cardsTests.release.xcconfig */ = {isa = PBXFileReference; includeInIndex = 1; lastKnownFileType = text.xcconfig; name = "Pods-cardsTests.release.xcconfig"; path = "Target Support Files/Pods-cardsTests/Pods-cardsTests.release.xcconfig"; sourceTree = "<group>"; };
		70DED52C0E016DE7A432A237 /* Pods-cards.release.xcconfig */ = {isa = PBXFileReference; includeInIndex = 1; lastKnownFileType = text.xcconfig; name = "Pods-cards.release.xcconfig"; path = "Target Support Files/Pods-cards/Pods-cards.release.xcconfig"; sourceTree = "<group>"; };
		9094A476A56F7EC34056CBEB /* Pods-cardsTests.debug.xcconfig */ = {isa = PBXFileReference; includeInIndex = 1; lastKnownFileType = text.xcconfig; name = "Pods-cardsTests.debug.xcconfig"; path = "Target Support Files/Pods-cardsTests/Pods-cardsTests.debug.xcconfig"; sourceTree = "<group>"; };
		922E6B6727F28FDA00656585 /* AppDelegate.swift */ = {isa = PBXFileReference; lastKnownFileType = sourcecode.swift; path = AppDelegate.swift; sourceTree = "<group>"; };
		922E6B6827F28FDA00656585 /* SceneDelegate.swift */ = {isa = PBXFileReference; lastKnownFileType = sourcecode.swift; path = SceneDelegate.swift; sourceTree = "<group>"; };
		922E6B6E27F2903500656585 /* BaseViewController.swift */ = {isa = PBXFileReference; lastKnownFileType = sourcecode.swift; path = BaseViewController.swift; sourceTree = "<group>"; };
		922E6B6F27F2903500656585 /* BaseViewModel.swift */ = {isa = PBXFileReference; lastKnownFileType = sourcecode.swift; path = BaseViewModel.swift; sourceTree = "<group>"; };
		922E6B7527F2904700656585 /* CardListTableViewCell.swift */ = {isa = PBXFileReference; lastKnownFileType = sourcecode.swift; path = CardListTableViewCell.swift; sourceTree = "<group>"; };
		922E6B7627F2904700656585 /* HomeLandingVM.swift */ = {isa = PBXFileReference; lastKnownFileType = sourcecode.swift; path = HomeLandingVM.swift; sourceTree = "<group>"; };
		922E6B7727F2904700656585 /* CardListTableViewCellVM.swift */ = {isa = PBXFileReference; lastKnownFileType = sourcecode.swift; path = CardListTableViewCellVM.swift; sourceTree = "<group>"; };
		922E6B7827F2904700656585 /* HomeLandingViewController.swift */ = {isa = PBXFileReference; lastKnownFileType = sourcecode.swift; path = HomeLandingViewController.swift; sourceTree = "<group>"; };
		922E6B8027F2907A00656585 /* CardDetailsViewController.swift */ = {isa = PBXFileReference; lastKnownFileType = sourcecode.swift; path = CardDetailsViewController.swift; sourceTree = "<group>"; };
		922E6B8127F2907A00656585 /* CardDetailsVM.swift */ = {isa = PBXFileReference; lastKnownFileType = sourcecode.swift; path = CardDetailsVM.swift; sourceTree = "<group>"; };
		922E6B8727F2909200656585 /* RepositoryTask.swift */ = {isa = PBXFileReference; lastKnownFileType = sourcecode.swift; path = RepositoryTask.swift; sourceTree = "<group>"; };
		922E6B8827F2909200656585 /* DataTransferService.swift */ = {isa = PBXFileReference; lastKnownFileType = sourcecode.swift; path = DataTransferService.swift; sourceTree = "<group>"; };
		922E6B8E27F290A400656585 /* DefaultCardsRepository.swift */ = {isa = PBXFileReference; lastKnownFileType = sourcecode.swift; path = DefaultCardsRepository.swift; sourceTree = "<group>"; };
		922E6B9327F290B600656585 /* CardsService.swift */ = {isa = PBXFileReference; lastKnownFileType = sourcecode.swift; path = CardsService.swift; sourceTree = "<group>"; };
		922E6B9427F290B600656585 /* NetworkService.swift */ = {isa = PBXFileReference; lastKnownFileType = sourcecode.swift; path = NetworkService.swift; sourceTree = "<group>"; };
		922E6B9527F290B600656585 /* CardsNetworkManager.swift */ = {isa = PBXFileReference; lastKnownFileType = sourcecode.swift; path = CardsNetworkManager.swift; sourceTree = "<group>"; };
		922E6B9F27F2917500656585 /* Info.plist */ = {isa = PBXFileReference; fileEncoding = 4; lastKnownFileType = text.plist.xml; path = Info.plist; sourceTree = "<group>"; };
		922E6BC927F298F500656585 /* Base */ = {isa = PBXFileReference; lastKnownFileType = file.storyboard; name = Base; path = cards/Base.lproj/Main.storyboard; sourceTree = "<group>"; };
		922E6BCB27F298F500656585 /* Base */ = {isa = PBXFileReference; lastKnownFileType = file.storyboard; name = Base; path = cards/Base.lproj/LaunchScreen.storyboard; sourceTree = "<group>"; };
		922E6BF427F2A48000656585 /* BaseCardsTests.swift */ = {isa = PBXFileReference; fileEncoding = 4; lastKnownFileType = sourcecode.swift; path = BaseCardsTests.swift; sourceTree = "<group>"; };
		922E6BFC27F2A4A900656585 /* Mock.swift */ = {isa = PBXFileReference; fileEncoding = 4; lastKnownFileType = sourcecode.swift; path = Mock.swift; sourceTree = "<group>"; };
		922E6C0427F2A4C400656585 /* CompareUtils.swift */ = {isa = PBXFileReference; fileEncoding = 4; lastKnownFileType = sourcecode.swift; path = CompareUtils.swift; sourceTree = "<group>"; };
		922E6C0C27F2A4EC00656585 /* CardModelTests.swift */ = {isa = PBXFileReference; fileEncoding = 4; lastKnownFileType = sourcecode.swift; path = CardModelTests.swift; sourceTree = "<group>"; };
		922E6C1427F2A55000656585 /* CardsRepositoryStub.swift */ = {isa = PBXFileReference; fileEncoding = 4; lastKnownFileType = sourcecode.swift; path = CardsRepositoryStub.swift; sourceTree = "<group>"; };
		922E6C1C27F2A56000656585 /* FetchCardsListUseCaseTest.swift */ = {isa = PBXFileReference; fileEncoding = 4; lastKnownFileType = sourcecode.swift; path = FetchCardsListUseCaseTest.swift; sourceTree = "<group>"; };
		922E6C2427F2A57300656585 /* CardServiceTest.swift */ = {isa = PBXFileReference; fileEncoding = 4; lastKnownFileType = sourcecode.swift; path = CardServiceTest.swift; sourceTree = "<group>"; };
		922E6C2527F2A57400656585 /* NetworkTestingStubProvider.swift */ = {isa = PBXFileReference; fileEncoding = 4; lastKnownFileType = sourcecode.swift; path = NetworkTestingStubProvider.swift; sourceTree = "<group>"; };
		925D4F6027F1BAB8009E1AA5 /* cards.app */ = {isa = PBXFileReference; explicitFileType = wrapper.application; includeInIndex = 0; path = cards.app; sourceTree = BUILT_PRODUCTS_DIR; };
		925D4F7627F1BABA009E1AA5 /* cardsTests.xctest */ = {isa = PBXFileReference; explicitFileType = wrapper.cfbundle; includeInIndex = 0; path = cardsTests.xctest; sourceTree = BUILT_PRODUCTS_DIR; };
		925D4F7C27F1BABA009E1AA5 /* Info.plist */ = {isa = PBXFileReference; lastKnownFileType = text.plist.xml; path = Info.plist; sourceTree = "<group>"; };
		925D4F8127F1BABA009E1AA5 /* cardsUITests.xctest */ = {isa = PBXFileReference; explicitFileType = wrapper.cfbundle; includeInIndex = 0; path = cardsUITests.xctest; sourceTree = BUILT_PRODUCTS_DIR; };
		925D4F8527F1BABA009E1AA5 /* cardsUITests.swift */ = {isa = PBXFileReference; lastKnownFileType = sourcecode.swift; path = cardsUITests.swift; sourceTree = "<group>"; };
		925D4F8727F1BABA009E1AA5 /* Info.plist */ = {isa = PBXFileReference; lastKnownFileType = text.plist.xml; path = Info.plist; sourceTree = "<group>"; };
		92F8FB9A27F28D5100CA3717 /* Assets.xcassets */ = {isa = PBXFileReference; lastKnownFileType = folder.assetcatalog; path = Assets.xcassets; sourceTree = "<group>"; };
		92F8FBA227F28D9800CA3717 /* CardsRepository.swift */ = {isa = PBXFileReference; lastKnownFileType = sourcecode.swift; path = CardsRepository.swift; sourceTree = "<group>"; };
		92F8FBA427F28DB000CA3717 /* FetchCardsListUseCase.swift */ = {isa = PBXFileReference; lastKnownFileType = sourcecode.swift; path = FetchCardsListUseCase.swift; sourceTree = "<group>"; };
		92F8FBA527F28DB000CA3717 /* CardsUseCase.swift */ = {isa = PBXFileReference; lastKnownFileType = sourcecode.swift; path = CardsUseCase.swift; sourceTree = "<group>"; };
		92F8FBA827F28DDD00CA3717 /* Card.swift */ = {isa = PBXFileReference; lastKnownFileType = sourcecode.swift; path = Card.swift; sourceTree = "<group>"; };
		92F8FBA927F28DDD00CA3717 /* CardType.swift */ = {isa = PBXFileReference; lastKnownFileType = sourcecode.swift; path = CardType.swift; sourceTree = "<group>"; };
		92F8FBAC27F28DF600CA3717 /* Cancellable.swift */ = {isa = PBXFileReference; lastKnownFileType = sourcecode.swift; path = Cancellable.swift; sourceTree = "<group>"; };
		FDD07C7E58863A9C3BDBA007 /* Pods-cards.debug.xcconfig */ = {isa = PBXFileReference; includeInIndex = 1; lastKnownFileType = text.xcconfig; name = "Pods-cards.debug.xcconfig"; path = "Target Support Files/Pods-cards/Pods-cards.debug.xcconfig"; sourceTree = "<group>"; };
/* End PBXFileReference section */

/* Begin PBXFrameworksBuildPhase section */
		925D4F5D27F1BAB8009E1AA5 /* Frameworks */ = {
			isa = PBXFrameworksBuildPhase;
			buildActionMask = 2147483647;
			files = (
				9BBC3F02D29C28CB9580D1BB /* Pods_cards.framework in Frameworks */,
			);
			runOnlyForDeploymentPostprocessing = 0;
		};
		925D4F7327F1BABA009E1AA5 /* Frameworks */ = {
			isa = PBXFrameworksBuildPhase;
			buildActionMask = 2147483647;
			files = (
				F82C82BE4F09C0487D5B5515 /* Pods_cardsTests.framework in Frameworks */,
			);
			runOnlyForDeploymentPostprocessing = 0;
		};
		925D4F7E27F1BABA009E1AA5 /* Frameworks */ = {
			isa = PBXFrameworksBuildPhase;
			buildActionMask = 2147483647;
			files = (
			);
			runOnlyForDeploymentPostprocessing = 0;
		};
/* End PBXFrameworksBuildPhase section */

/* Begin PBXGroup section */
		2504AB774437543C5346FE7A /* Pods */ = {
			isa = PBXGroup;
			children = (
				FDD07C7E58863A9C3BDBA007 /* Pods-cards.debug.xcconfig */,
				70DED52C0E016DE7A432A237 /* Pods-cards.release.xcconfig */,
				9094A476A56F7EC34056CBEB /* Pods-cardsTests.debug.xcconfig */,
				4DB2DAC1FBB56E2AC885B9AE /* Pods-cardsTests.release.xcconfig */,
			);
			path = Pods;
			sourceTree = "<group>";
		};
		922E6BD727F2999200656585 /* application */ = {
			isa = PBXGroup;
			children = (
				922E6BE027F29AAF00656585 /* presentation */,
				922E6B6727F28FDA00656585 /* AppDelegate.swift */,
				922E6B6827F28FDA00656585 /* SceneDelegate.swift */,
			);
			path = application;
			sourceTree = "<group>";
		};
		922E6BDB27F299B200656585 /* domain */ = {
			isa = PBXGroup;
			children = (
				922E6BDE27F299F300656585 /* interfaces */,
				922E6BDC27F299B800656585 /* entities */,
				922E6BDD27F299D200656585 /* useCases */,
			);
			path = domain;
			sourceTree = "<group>";
		};
		922E6BDC27F299B800656585 /* entities */ = {
			isa = PBXGroup;
			children = (
				92F8FBA827F28DDD00CA3717 /* Card.swift */,
				92F8FBA927F28DDD00CA3717 /* CardType.swift */,
			);
			path = entities;
			sourceTree = "<group>";
		};
		922E6BDD27F299D200656585 /* useCases */ = {
			isa = PBXGroup;
			children = (
				92F8FBA527F28DB000CA3717 /* CardsUseCase.swift */,
				92F8FBA427F28DB000CA3717 /* FetchCardsListUseCase.swift */,
			);
			path = useCases;
			sourceTree = "<group>";
		};
		922E6BDE27F299F300656585 /* interfaces */ = {
			isa = PBXGroup;
			children = (
				922E6BDF27F299FE00656585 /* repositories */,
			);
			path = interfaces;
			sourceTree = "<group>";
		};
		922E6BDF27F299FE00656585 /* repositories */ = {
			isa = PBXGroup;
			children = (
				92F8FBA227F28D9800CA3717 /* CardsRepository.swift */,
			);
			path = repositories;
			sourceTree = "<group>";
		};
		922E6BE027F29AAF00656585 /* presentation */ = {
			isa = PBXGroup;
			children = (
				922E6BCA27F298F500656585 /* LaunchScreen.storyboard */,
				922E6BC827F298F500656585 /* Main.storyboard */,
				922E6BE327F29AFC00656585 /* cardDetails */,
				922E6BE227F29AD800656585 /* homeLanding */,
				922E6BE127F29AC900656585 /* common */,
			);
			path = presentation;
			sourceTree = "<group>";
		};
		922E6BE127F29AC900656585 /* common */ = {
			isa = PBXGroup;
			children = (
				922E6B6E27F2903500656585 /* BaseViewController.swift */,
				922E6B6F27F2903500656585 /* BaseViewModel.swift */,
			);
			path = common;
			sourceTree = "<group>";
		};
		922E6BE227F29AD800656585 /* homeLanding */ = {
			isa = PBXGroup;
			children = (
				922E6B7527F2904700656585 /* CardListTableViewCell.swift */,
				922E6B7727F2904700656585 /* CardListTableViewCellVM.swift */,
				922E6B7827F2904700656585 /* HomeLandingViewController.swift */,
				922E6B7627F2904700656585 /* HomeLandingVM.swift */,
			);
			path = homeLanding;
			sourceTree = "<group>";
		};
		922E6BE327F29AFC00656585 /* cardDetails */ = {
			isa = PBXGroup;
			children = (
				922E6B8027F2907A00656585 /* CardDetailsViewController.swift */,
				922E6B8127F2907A00656585 /* CardDetailsVM.swift */,
			);
			path = cardDetails;
			sourceTree = "<group>";
		};
		922E6BE727F29B7400656585 /* common */ = {
			isa = PBXGroup;
			children = (
				92F8FBAC27F28DF600CA3717 /* Cancellable.swift */,
			);
			path = common;
			sourceTree = "<group>";
		};
		922E6BE827F29B8B00656585 /* platform */ = {
			isa = PBXGroup;
			children = (
				922E6BE927F29B9F00656585 /* network */,
			);
			path = platform;
			sourceTree = "<group>";
		};
		922E6BE927F29B9F00656585 /* network */ = {
			isa = PBXGroup;
			children = (
				922E6B9527F290B600656585 /* CardsNetworkManager.swift */,
				922E6B9327F290B600656585 /* CardsService.swift */,
				922E6B9427F290B600656585 /* NetworkService.swift */,
			);
			path = network;
			sourceTree = "<group>";
		};
		922E6BED27F29C0200656585 /* resources */ = {
			isa = PBXGroup;
			children = (
				922E6B9F27F2917500656585 /* Info.plist */,
				92F8FB9A27F28D5100CA3717 /* Assets.xcassets */,
			);
			path = resources;
			sourceTree = "<group>";
		};
		922E6BEE27F29C0E00656585 /* data */ = {
			isa = PBXGroup;
			children = (
				922E6BEF27F29C1400656585 /* repositories */,
				922E6BF027F29C2600656585 /* utils */,
			);
			path = data;
			sourceTree = "<group>";
		};
		922E6BEF27F29C1400656585 /* repositories */ = {
			isa = PBXGroup;
			children = (
				922E6B8E27F290A400656585 /* DefaultCardsRepository.swift */,
			);
			path = repositories;
			sourceTree = "<group>";
		};
		922E6BF027F29C2600656585 /* utils */ = {
			isa = PBXGroup;
			children = (
				922E6B8827F2909200656585 /* DataTransferService.swift */,
				922E6B8727F2909200656585 /* RepositoryTask.swift */,
			);
			path = utils;
			sourceTree = "<group>";
		};
		922E6C2E27F2BB3100656585 /* common */ = {
			isa = PBXGroup;
			children = (
				922E6BF427F2A48000656585 /* BaseCardsTests.swift */,
				922E6C2F27F2BB3D00656585 /* utils */,
			);
			path = common;
			sourceTree = "<group>";
		};
		922E6C2F27F2BB3D00656585 /* utils */ = {
			isa = PBXGroup;
			children = (
				922E6C0427F2A4C400656585 /* CompareUtils.swift */,
				922E6BFC27F2A4A900656585 /* Mock.swift */,
			);
			path = utils;
			sourceTree = "<group>";
		};
		922E6C3027F2BB7600656585 /* domain */ = {
			isa = PBXGroup;
			children = (
				922E6C3427F2BBAD00656585 /* useCases */,
				922E6C3227F2BB8F00656585 /* interfaces */,
				922E6C3127F2BB8000656585 /* entities */,
			);
			path = domain;
			sourceTree = "<group>";
		};
		922E6C3127F2BB8000656585 /* entities */ = {
			isa = PBXGroup;
			children = (
				922E6C0C27F2A4EC00656585 /* CardModelTests.swift */,
			);
			path = entities;
			sourceTree = "<group>";
		};
		922E6C3227F2BB8F00656585 /* interfaces */ = {
			isa = PBXGroup;
			children = (
				922E6C3327F2BBA200656585 /* repositories */,
			);
			path = interfaces;
			sourceTree = "<group>";
		};
		922E6C3327F2BBA200656585 /* repositories */ = {
			isa = PBXGroup;
			children = (
				922E6C1427F2A55000656585 /* CardsRepositoryStub.swift */,
			);
			path = repositories;
			sourceTree = "<group>";
		};
		922E6C3427F2BBAD00656585 /* useCases */ = {
			isa = PBXGroup;
			children = (
				922E6C1C27F2A56000656585 /* FetchCardsListUseCaseTest.swift */,
			);
			path = useCases;
			sourceTree = "<group>";
		};
		922E6C3527F2BBEE00656585 /* platform */ = {
			isa = PBXGroup;
			children = (
				922E6C3627F2BBF500656585 /* network */,
			);
			path = platform;
			sourceTree = "<group>";
		};
		922E6C3627F2BBF500656585 /* network */ = {
			isa = PBXGroup;
			children = (
				922E6C2427F2A57300656585 /* CardServiceTest.swift */,
				922E6C2527F2A57400656585 /* NetworkTestingStubProvider.swift */,
			);
			path = network;
			sourceTree = "<group>";
		};
		925D4F5727F1BAB8009E1AA5 = {
			isa = PBXGroup;
			children = (
				925D4F6227F1BAB8009E1AA5 /* cards */,
				925D4F7927F1BABA009E1AA5 /* cardsTests */,
				925D4F8427F1BABA009E1AA5 /* cardsUITests */,
				925D4F6127F1BAB8009E1AA5 /* Products */,
				2504AB774437543C5346FE7A /* Pods */,
				C9E06F7C32FAEBE32D70F725 /* Frameworks */,
			);
			sourceTree = "<group>";
		};
		925D4F6127F1BAB8009E1AA5 /* Products */ = {
			isa = PBXGroup;
			children = (
				925D4F6027F1BAB8009E1AA5 /* cards.app */,
				925D4F7627F1BABA009E1AA5 /* cardsTests.xctest */,
				925D4F8127F1BABA009E1AA5 /* cardsUITests.xctest */,
			);
			name = Products;
			sourceTree = "<group>";
		};
		925D4F6227F1BAB8009E1AA5 /* cards */ = {
			isa = PBXGroup;
			children = (
				922E6BEE27F29C0E00656585 /* data */,
				922E6BED27F29C0200656585 /* resources */,
				922E6BE827F29B8B00656585 /* platform */,
				922E6BE727F29B7400656585 /* common */,
				922E6BDB27F299B200656585 /* domain */,
				922E6BD727F2999200656585 /* application */,
			);
			path = cards;
			sourceTree = "<group>";
		};
		925D4F7927F1BABA009E1AA5 /* cardsTests */ = {
			isa = PBXGroup;
			children = (
				922E6C2E27F2BB3100656585 /* common */,
				922E6C3027F2BB7600656585 /* domain */,
				922E6C3527F2BBEE00656585 /* platform */,
				925D4F7C27F1BABA009E1AA5 /* Info.plist */,
			);
			path = cardsTests;
			sourceTree = "<group>";
		};
		925D4F8427F1BABA009E1AA5 /* cardsUITests */ = {
			isa = PBXGroup;
			children = (
				925D4F8527F1BABA009E1AA5 /* cardsUITests.swift */,
				925D4F8727F1BABA009E1AA5 /* Info.plist */,
			);
			path = cardsUITests;
			sourceTree = "<group>";
		};
		C9E06F7C32FAEBE32D70F725 /* Frameworks */ = {
			isa = PBXGroup;
			children = (
				09FF3DEF9AC64F7D2CD7AE71 /* Pods_cards.framework */,
				32A4FC4E5DE12861885A28FA /* Pods_cardsTests.framework */,
			);
			name = Frameworks;
			sourceTree = "<group>";
		};
/* End PBXGroup section */

/* Begin PBXNativeTarget section */
		925D4F5F27F1BAB8009E1AA5 /* cards */ = {
			isa = PBXNativeTarget;
			buildConfigurationList = 925D4F8A27F1BABA009E1AA5 /* Build configuration list for PBXNativeTarget "cards" */;
			buildPhases = (
				50BD3ED053C69FBE0B4D2117 /* [CP] Check Pods Manifest.lock */,
				925D4F5C27F1BAB8009E1AA5 /* Sources */,
				925D4F5D27F1BAB8009E1AA5 /* Frameworks */,
				925D4F5E27F1BAB8009E1AA5 /* Resources */,
				C4CE0427638E8D7C8ED2D315 /* [CP] Embed Pods Frameworks */,
			);
			buildRules = (
			);
			dependencies = (
			);
			name = cards;
			productName = cards;
			productReference = 925D4F6027F1BAB8009E1AA5 /* cards.app */;
			productType = "com.apple.product-type.application";
		};
		925D4F7527F1BABA009E1AA5 /* cardsTests */ = {
			isa = PBXNativeTarget;
			buildConfigurationList = 925D4F8D27F1BABA009E1AA5 /* Build configuration list for PBXNativeTarget "cardsTests" */;
			buildPhases = (
				2E3C5769A31941F47F88B808 /* [CP] Check Pods Manifest.lock */,
				925D4F7227F1BABA009E1AA5 /* Sources */,
				925D4F7327F1BABA009E1AA5 /* Frameworks */,
				925D4F7427F1BABA009E1AA5 /* Resources */,
				C40EDE5186078D39FDAE9162 /* [CP] Embed Pods Frameworks */,
			);
			buildRules = (
			);
			dependencies = (
				925D4F7827F1BABA009E1AA5 /* PBXTargetDependency */,
			);
			name = cardsTests;
			productName = cardsTests;
			productReference = 925D4F7627F1BABA009E1AA5 /* cardsTests.xctest */;
			productType = "com.apple.product-type.bundle.unit-test";
		};
		925D4F8027F1BABA009E1AA5 /* cardsUITests */ = {
			isa = PBXNativeTarget;
			buildConfigurationList = 925D4F9027F1BABA009E1AA5 /* Build configuration list for PBXNativeTarget "cardsUITests" */;
			buildPhases = (
				925D4F7D27F1BABA009E1AA5 /* Sources */,
				925D4F7E27F1BABA009E1AA5 /* Frameworks */,
				925D4F7F27F1BABA009E1AA5 /* Resources */,
			);
			buildRules = (
			);
			dependencies = (
				925D4F8327F1BABA009E1AA5 /* PBXTargetDependency */,
			);
			name = cardsUITests;
			productName = cardsUITests;
			productReference = 925D4F8127F1BABA009E1AA5 /* cardsUITests.xctest */;
			productType = "com.apple.product-type.bundle.ui-testing";
		};
/* End PBXNativeTarget section */

/* Begin PBXProject section */
		925D4F5827F1BAB8009E1AA5 /* Project object */ = {
			isa = PBXProject;
			attributes = {
				LastSwiftUpdateCheck = 1220;
				LastUpgradeCheck = 1220;
				TargetAttributes = {
					925D4F5F27F1BAB8009E1AA5 = {
						CreatedOnToolsVersion = 12.2;
					};
					925D4F7527F1BABA009E1AA5 = {
						CreatedOnToolsVersion = 12.2;
						TestTargetID = 925D4F5F27F1BAB8009E1AA5;
					};
					925D4F8027F1BABA009E1AA5 = {
						CreatedOnToolsVersion = 12.2;
						TestTargetID = 925D4F5F27F1BAB8009E1AA5;
					};
				};
			};
			buildConfigurationList = 925D4F5B27F1BAB8009E1AA5 /* Build configuration list for PBXProject "cards" */;
			compatibilityVersion = "Xcode 9.3";
			developmentRegion = en;
			hasScannedForEncodings = 0;
			knownRegions = (
				en,
				Base,
			);
			mainGroup = 925D4F5727F1BAB8009E1AA5;
			productRefGroup = 925D4F6127F1BAB8009E1AA5 /* Products */;
			projectDirPath = "";
			projectRoot = "";
			targets = (
				925D4F5F27F1BAB8009E1AA5 /* cards */,
				925D4F7527F1BABA009E1AA5 /* cardsTests */,
				925D4F8027F1BABA009E1AA5 /* cardsUITests */,
			);
		};
/* End PBXProject section */

/* Begin PBXResourcesBuildPhase section */
		925D4F5E27F1BAB8009E1AA5 /* Resources */ = {
			isa = PBXResourcesBuildPhase;
			buildActionMask = 2147483647;
			files = (
				922E6BCC27F298F500656585 /* Main.storyboard in Resources */,
				922E6BCD27F298F500656585 /* LaunchScreen.storyboard in Resources */,
				92F8FB9B27F28D5100CA3717 /* Assets.xcassets in Resources */,
			);
			runOnlyForDeploymentPostprocessing = 0;
		};
		925D4F7427F1BABA009E1AA5 /* Resources */ = {
			isa = PBXResourcesBuildPhase;
			buildActionMask = 2147483647;
			files = (
			);
			runOnlyForDeploymentPostprocessing = 0;
		};
		925D4F7F27F1BABA009E1AA5 /* Resources */ = {
			isa = PBXResourcesBuildPhase;
			buildActionMask = 2147483647;
			files = (
			);
			runOnlyForDeploymentPostprocessing = 0;
		};
/* End PBXResourcesBuildPhase section */

/* Begin PBXShellScriptBuildPhase section */
		2E3C5769A31941F47F88B808 /* [CP] Check Pods Manifest.lock */ = {
			isa = PBXShellScriptBuildPhase;
			buildActionMask = 2147483647;
			files = (
			);
			inputFileListPaths = (
			);
			inputPaths = (
				"${PODS_PODFILE_DIR_PATH}/Podfile.lock",
				"${PODS_ROOT}/Manifest.lock",
			);
			name = "[CP] Check Pods Manifest.lock";
			outputFileListPaths = (
			);
			outputPaths = (
				"$(DERIVED_FILE_DIR)/Pods-cardsTests-checkManifestLockResult.txt",
			);
			runOnlyForDeploymentPostprocessing = 0;
			shellPath = /bin/sh;
			shellScript = "diff \"${PODS_PODFILE_DIR_PATH}/Podfile.lock\" \"${PODS_ROOT}/Manifest.lock\" > /dev/null\nif [ $? != 0 ] ; then\n    # print error to STDERR\n    echo \"error: The sandbox is not in sync with the Podfile.lock. Run 'pod install' or update your CocoaPods installation.\" >&2\n    exit 1\nfi\n# This output is used by Xcode 'outputs' to avoid re-running this script phase.\necho \"SUCCESS\" > \"${SCRIPT_OUTPUT_FILE_0}\"\n";
			showEnvVarsInLog = 0;
		};
		50BD3ED053C69FBE0B4D2117 /* [CP] Check Pods Manifest.lock */ = {
			isa = PBXShellScriptBuildPhase;
			buildActionMask = 2147483647;
			files = (
			);
			inputFileListPaths = (
			);
			inputPaths = (
				"${PODS_PODFILE_DIR_PATH}/Podfile.lock",
				"${PODS_ROOT}/Manifest.lock",
			);
			name = "[CP] Check Pods Manifest.lock";
			outputFileListPaths = (
			);
			outputPaths = (
				"$(DERIVED_FILE_DIR)/Pods-cards-checkManifestLockResult.txt",
			);
			runOnlyForDeploymentPostprocessing = 0;
			shellPath = /bin/sh;
			shellScript = "diff \"${PODS_PODFILE_DIR_PATH}/Podfile.lock\" \"${PODS_ROOT}/Manifest.lock\" > /dev/null\nif [ $? != 0 ] ; then\n    # print error to STDERR\n    echo \"error: The sandbox is not in sync with the Podfile.lock. Run 'pod install' or update your CocoaPods installation.\" >&2\n    exit 1\nfi\n# This output is used by Xcode 'outputs' to avoid re-running this script phase.\necho \"SUCCESS\" > \"${SCRIPT_OUTPUT_FILE_0}\"\n";
			showEnvVarsInLog = 0;
		};
		C40EDE5186078D39FDAE9162 /* [CP] Embed Pods Frameworks */ = {
			isa = PBXShellScriptBuildPhase;
			buildActionMask = 2147483647;
			files = (
			);
			inputFileListPaths = (
				"${PODS_ROOT}/Target Support Files/Pods-cardsTests/Pods-cardsTests-frameworks-${CONFIGURATION}-input-files.xcfilelist",
			);
			name = "[CP] Embed Pods Frameworks";
			outputFileListPaths = (
				"${PODS_ROOT}/Target Support Files/Pods-cardsTests/Pods-cardsTests-frameworks-${CONFIGURATION}-output-files.xcfilelist",
			);
			runOnlyForDeploymentPostprocessing = 0;
			shellPath = /bin/sh;
			shellScript = "\"${PODS_ROOT}/Target Support Files/Pods-cardsTests/Pods-cardsTests-frameworks.sh\"\n";
			showEnvVarsInLog = 0;
		};
		C4CE0427638E8D7C8ED2D315 /* [CP] Embed Pods Frameworks */ = {
			isa = PBXShellScriptBuildPhase;
			buildActionMask = 2147483647;
			files = (
			);
			inputFileListPaths = (
				"${PODS_ROOT}/Target Support Files/Pods-cards/Pods-cards-frameworks-${CONFIGURATION}-input-files.xcfilelist",
			);
			name = "[CP] Embed Pods Frameworks";
			outputFileListPaths = (
				"${PODS_ROOT}/Target Support Files/Pods-cards/Pods-cards-frameworks-${CONFIGURATION}-output-files.xcfilelist",
			);
			runOnlyForDeploymentPostprocessing = 0;
			shellPath = /bin/sh;
			shellScript = "\"${PODS_ROOT}/Target Support Files/Pods-cards/Pods-cards-frameworks.sh\"\n";
			showEnvVarsInLog = 0;
		};
/* End PBXShellScriptBuildPhase section */

/* Begin PBXSourcesBuildPhase section */
		925D4F5C27F1BAB8009E1AA5 /* Sources */ = {
			isa = PBXSourcesBuildPhase;
			buildActionMask = 2147483647;
			files = (
				922E6B9627F290B600656585 /* CardsService.swift in Sources */,
				922E6B9727F290B600656585 /* NetworkService.swift in Sources */,
				922E6B9827F290B600656585 /* CardsNetworkManager.swift in Sources */,
				922E6B8F27F290A400656585 /* DefaultCardsRepository.swift in Sources */,
				922E6B8927F2909200656585 /* RepositoryTask.swift in Sources */,
				922E6B8A27F2909200656585 /* DataTransferService.swift in Sources */,
				922E6B8227F2907A00656585 /* CardDetailsViewController.swift in Sources */,
				922E6B8327F2907A00656585 /* CardDetailsVM.swift in Sources */,
				922E6B7927F2904700656585 /* CardListTableViewCell.swift in Sources */,
				922E6B7A27F2904700656585 /* HomeLandingVM.swift in Sources */,
				922E6B7B27F2904700656585 /* CardListTableViewCellVM.swift in Sources */,
				922E6B7C27F2904700656585 /* HomeLandingViewController.swift in Sources */,
				922E6B7027F2903500656585 /* BaseViewController.swift in Sources */,
				922E6B7127F2903500656585 /* BaseViewModel.swift in Sources */,
				922E6B6927F28FDA00656585 /* AppDelegate.swift in Sources */,
				922E6B6A27F28FDA00656585 /* SceneDelegate.swift in Sources */,
				92F8FBAD27F28DF600CA3717 /* Cancellable.swift in Sources */,
				92F8FBAA27F28DDD00CA3717 /* Card.swift in Sources */,
				92F8FBAB27F28DDD00CA3717 /* CardType.swift in Sources */,
				92F8FBA627F28DB000CA3717 /* FetchCardsListUseCase.swift in Sources */,
				92F8FBA727F28DB000CA3717 /* CardsUseCase.swift in Sources */,
				92F8FBA327F28D9800CA3717 /* CardsRepository.swift in Sources */,
			);
			runOnlyForDeploymentPostprocessing = 0;
		};
		925D4F7227F1BABA009E1AA5 /* Sources */ = {
			isa = PBXSourcesBuildPhase;
			buildActionMask = 2147483647;
			files = (
				922E6C2727F2A57400656585 /* NetworkTestingStubProvider.swift in Sources */,
				922E6BF527F2A48000656585 /* BaseCardsTests.swift in Sources */,
				922E6C1D27F2A56000656585 /* FetchCardsListUseCaseTest.swift in Sources */,
				922E6C0527F2A4C400656585 /* CompareUtils.swift in Sources */,
				922E6C2627F2A57400656585 /* CardServiceTest.swift in Sources */,
				922E6C0D27F2A4EC00656585 /* CardModelTests.swift in Sources */,
				922E6C1527F2A55000656585 /* CardsRepositoryStub.swift in Sources */,
				922E6BFD27F2A4A900656585 /* Mock.swift in Sources */,
			);
			runOnlyForDeploymentPostprocessing = 0;
		};
		925D4F7D27F1BABA009E1AA5 /* Sources */ = {
			isa = PBXSourcesBuildPhase;
			buildActionMask = 2147483647;
			files = (
				925D4F8627F1BABA009E1AA5 /* cardsUITests.swift in Sources */,
			);
			runOnlyForDeploymentPostprocessing = 0;
		};
/* End PBXSourcesBuildPhase section */

/* Begin PBXTargetDependency section */
		925D4F7827F1BABA009E1AA5 /* PBXTargetDependency */ = {
			isa = PBXTargetDependency;
			target = 925D4F5F27F1BAB8009E1AA5 /* cards */;
			targetProxy = 925D4F7727F1BABA009E1AA5 /* PBXContainerItemProxy */;
		};
		925D4F8327F1BABA009E1AA5 /* PBXTargetDependency */ = {
			isa = PBXTargetDependency;
			target = 925D4F5F27F1BAB8009E1AA5 /* cards */;
			targetProxy = 925D4F8227F1BABA009E1AA5 /* PBXContainerItemProxy */;
		};
/* End PBXTargetDependency section */

/* Begin PBXVariantGroup section */
		922E6BC827F298F500656585 /* Main.storyboard */ = {
			isa = PBXVariantGroup;
			children = (
				922E6BC927F298F500656585 /* Base */,
			);
			name = Main.storyboard;
			sourceTree = "<group>";
		};
		922E6BCA27F298F500656585 /* LaunchScreen.storyboard */ = {
			isa = PBXVariantGroup;
			children = (
				922E6BCB27F298F500656585 /* Base */,
			);
			name = LaunchScreen.storyboard;
			sourceTree = "<group>";
		};
/* End PBXVariantGroup section */

/* Begin XCBuildConfiguration section */
		925D4F8827F1BABA009E1AA5 /* Debug */ = {
			isa = XCBuildConfiguration;
			buildSettings = {
				ALWAYS_SEARCH_USER_PATHS = NO;
				CLANG_ANALYZER_NONNULL = YES;
				CLANG_ANALYZER_NUMBER_OBJECT_CONVERSION = YES_AGGRESSIVE;
				CLANG_CXX_LANGUAGE_STANDARD = "gnu++14";
				CLANG_CXX_LIBRARY = "libc++";
				CLANG_ENABLE_MODULES = YES;
				CLANG_ENABLE_OBJC_ARC = YES;
				CLANG_ENABLE_OBJC_WEAK = YES;
				CLANG_WARN_BLOCK_CAPTURE_AUTORELEASING = YES;
				CLANG_WARN_BOOL_CONVERSION = YES;
				CLANG_WARN_COMMA = YES;
				CLANG_WARN_CONSTANT_CONVERSION = YES;
				CLANG_WARN_DEPRECATED_OBJC_IMPLEMENTATIONS = YES;
				CLANG_WARN_DIRECT_OBJC_ISA_USAGE = YES_ERROR;
				CLANG_WARN_DOCUMENTATION_COMMENTS = YES;
				CLANG_WARN_EMPTY_BODY = YES;
				CLANG_WARN_ENUM_CONVERSION = YES;
				CLANG_WARN_INFINITE_RECURSION = YES;
				CLANG_WARN_INT_CONVERSION = YES;
				CLANG_WARN_NON_LITERAL_NULL_CONVERSION = YES;
				CLANG_WARN_OBJC_IMPLICIT_RETAIN_SELF = YES;
				CLANG_WARN_OBJC_LITERAL_CONVERSION = YES;
				CLANG_WARN_OBJC_ROOT_CLASS = YES_ERROR;
				CLANG_WARN_QUOTED_INCLUDE_IN_FRAMEWORK_HEADER = YES;
				CLANG_WARN_RANGE_LOOP_ANALYSIS = YES;
				CLANG_WARN_STRICT_PROTOTYPES = YES;
				CLANG_WARN_SUSPICIOUS_MOVE = YES;
				CLANG_WARN_UNGUARDED_AVAILABILITY = YES_AGGRESSIVE;
				CLANG_WARN_UNREACHABLE_CODE = YES;
				CLANG_WARN__DUPLICATE_METHOD_MATCH = YES;
				COPY_PHASE_STRIP = NO;
				DEBUG_INFORMATION_FORMAT = dwarf;
				ENABLE_STRICT_OBJC_MSGSEND = YES;
				ENABLE_TESTABILITY = YES;
				GCC_C_LANGUAGE_STANDARD = gnu11;
				GCC_DYNAMIC_NO_PIC = NO;
				GCC_NO_COMMON_BLOCKS = YES;
				GCC_OPTIMIZATION_LEVEL = 0;
				GCC_PREPROCESSOR_DEFINITIONS = (
					"DEBUG=1",
					"$(inherited)",
				);
				GCC_WARN_64_TO_32_BIT_CONVERSION = YES;
				GCC_WARN_ABOUT_RETURN_TYPE = YES_ERROR;
				GCC_WARN_UNDECLARED_SELECTOR = YES;
				GCC_WARN_UNINITIALIZED_AUTOS = YES_AGGRESSIVE;
				GCC_WARN_UNUSED_FUNCTION = YES;
				GCC_WARN_UNUSED_VARIABLE = YES;
				IPHONEOS_DEPLOYMENT_TARGET = 13.0;
				MTL_ENABLE_DEBUG_INFO = INCLUDE_SOURCE;
				MTL_FAST_MATH = YES;
				ONLY_ACTIVE_ARCH = YES;
				SDKROOT = iphoneos;
				SWIFT_ACTIVE_COMPILATION_CONDITIONS = DEBUG;
				SWIFT_OPTIMIZATION_LEVEL = "-Onone";
			};
			name = Debug;
		};
		925D4F8927F1BABA009E1AA5 /* Release */ = {
			isa = XCBuildConfiguration;
			buildSettings = {
				ALWAYS_SEARCH_USER_PATHS = NO;
				CLANG_ANALYZER_NONNULL = YES;
				CLANG_ANALYZER_NUMBER_OBJECT_CONVERSION = YES_AGGRESSIVE;
				CLANG_CXX_LANGUAGE_STANDARD = "gnu++14";
				CLANG_CXX_LIBRARY = "libc++";
				CLANG_ENABLE_MODULES = YES;
				CLANG_ENABLE_OBJC_ARC = YES;
				CLANG_ENABLE_OBJC_WEAK = YES;
				CLANG_WARN_BLOCK_CAPTURE_AUTORELEASING = YES;
				CLANG_WARN_BOOL_CONVERSION = YES;
				CLANG_WARN_COMMA = YES;
				CLANG_WARN_CONSTANT_CONVERSION = YES;
				CLANG_WARN_DEPRECATED_OBJC_IMPLEMENTATIONS = YES;
				CLANG_WARN_DIRECT_OBJC_ISA_USAGE = YES_ERROR;
				CLANG_WARN_DOCUMENTATION_COMMENTS = YES;
				CLANG_WARN_EMPTY_BODY = YES;
				CLANG_WARN_ENUM_CONVERSION = YES;
				CLANG_WARN_INFINITE_RECURSION = YES;
				CLANG_WARN_INT_CONVERSION = YES;
				CLANG_WARN_NON_LITERAL_NULL_CONVERSION = YES;
				CLANG_WARN_OBJC_IMPLICIT_RETAIN_SELF = YES;
				CLANG_WARN_OBJC_LITERAL_CONVERSION = YES;
				CLANG_WARN_OBJC_ROOT_CLASS = YES_ERROR;
				CLANG_WARN_QUOTED_INCLUDE_IN_FRAMEWORK_HEADER = YES;
				CLANG_WARN_RANGE_LOOP_ANALYSIS = YES;
				CLANG_WARN_STRICT_PROTOTYPES = YES;
				CLANG_WARN_SUSPICIOUS_MOVE = YES;
				CLANG_WARN_UNGUARDED_AVAILABILITY = YES_AGGRESSIVE;
				CLANG_WARN_UNREACHABLE_CODE = YES;
				CLANG_WARN__DUPLICATE_METHOD_MATCH = YES;
				COPY_PHASE_STRIP = NO;
				DEBUG_INFORMATION_FORMAT = "dwarf-with-dsym";
				ENABLE_NS_ASSERTIONS = NO;
				ENABLE_STRICT_OBJC_MSGSEND = YES;
				GCC_C_LANGUAGE_STANDARD = gnu11;
				GCC_NO_COMMON_BLOCKS = YES;
				GCC_WARN_64_TO_32_BIT_CONVERSION = YES;
				GCC_WARN_ABOUT_RETURN_TYPE = YES_ERROR;
				GCC_WARN_UNDECLARED_SELECTOR = YES;
				GCC_WARN_UNINITIALIZED_AUTOS = YES_AGGRESSIVE;
				GCC_WARN_UNUSED_FUNCTION = YES;
				GCC_WARN_UNUSED_VARIABLE = YES;
				IPHONEOS_DEPLOYMENT_TARGET = 13.0;
				MTL_ENABLE_DEBUG_INFO = NO;
				MTL_FAST_MATH = YES;
				SDKROOT = iphoneos;
				SWIFT_COMPILATION_MODE = wholemodule;
				SWIFT_OPTIMIZATION_LEVEL = "-O";
				VALIDATE_PRODUCT = YES;
			};
			name = Release;
		};
		925D4F8B27F1BABA009E1AA5 /* Debug */ = {
			isa = XCBuildConfiguration;
			baseConfigurationReference = FDD07C7E58863A9C3BDBA007 /* Pods-cards.debug.xcconfig */;
			buildSettings = {
				ASSETCATALOG_COMPILER_APPICON_NAME = AppIcon;
				ASSETCATALOG_COMPILER_GLOBAL_ACCENT_COLOR_NAME = AccentColor;
				CODE_SIGN_STYLE = Automatic;
				CURRENT_PROJECT_VERSION = 1;
				DEVELOPMENT_TEAM = LPM97SM8GQ;
				INFOPLIST_FILE = cards/resources/Info.plist;
				IPHONEOS_DEPLOYMENT_TARGET = 13.0;
				LD_RUNPATH_SEARCH_PATHS = (
					"$(inherited)",
					"@executable_path/Frameworks",
				);
				MARKETING_VERSION = 0.0.1;
				PRODUCT_BUNDLE_IDENTIFIER = dev.sundeep.cards;
				PRODUCT_NAME = "$(TARGET_NAME)";
				SWIFT_VERSION = 5.0;
				TARGETED_DEVICE_FAMILY = 1;
			};
			name = Debug;
		};
		925D4F8C27F1BABA009E1AA5 /* Release */ = {
			isa = XCBuildConfiguration;
			baseConfigurationReference = 70DED52C0E016DE7A432A237 /* Pods-cards.release.xcconfig */;
			buildSettings = {
				ASSETCATALOG_COMPILER_APPICON_NAME = AppIcon;
				ASSETCATALOG_COMPILER_GLOBAL_ACCENT_COLOR_NAME = AccentColor;
				CODE_SIGN_STYLE = Automatic;
				CURRENT_PROJECT_VERSION = 1;
				DEVELOPMENT_TEAM = LPM97SM8GQ;
				INFOPLIST_FILE = cards/resources/Info.plist;
				IPHONEOS_DEPLOYMENT_TARGET = 13.0;
				LD_RUNPATH_SEARCH_PATHS = (
					"$(inherited)",
					"@executable_path/Frameworks",
				);
				MARKETING_VERSION = 0.0.1;
				PRODUCT_BUNDLE_IDENTIFIER = dev.sundeep.cards;
				PRODUCT_NAME = "$(TARGET_NAME)";
				SWIFT_VERSION = 5.0;
				TARGETED_DEVICE_FAMILY = 1;
			};
			name = Release;
		};
		925D4F8E27F1BABA009E1AA5 /* Debug */ = {
			isa = XCBuildConfiguration;
			baseConfigurationReference = 9094A476A56F7EC34056CBEB /* Pods-cardsTests.debug.xcconfig */;
			buildSettings = {
				ALWAYS_EMBED_SWIFT_STANDARD_LIBRARIES = YES;
				BUNDLE_LOADER = "$(TEST_HOST)";
				CODE_SIGN_STYLE = Automatic;
				DEVELOPMENT_TEAM = LPM97SM8GQ;
				INFOPLIST_FILE = cardsTests/Info.plist;
				IPHONEOS_DEPLOYMENT_TARGET = 14.2;
				LD_RUNPATH_SEARCH_PATHS = (
					"$(inherited)",
					"@executable_path/Frameworks",
					"@loader_path/Frameworks",
				);
				PRODUCT_BUNDLE_IDENTIFIER = dev.sundeep.cardsTests;
				PRODUCT_NAME = "$(TARGET_NAME)";
				SWIFT_VERSION = 5.0;
				TARGETED_DEVICE_FAMILY = "1,2";
				TEST_HOST = "$(BUILT_PRODUCTS_DIR)/cards.app/cards";
			};
			name = Debug;
		};
		925D4F8F27F1BABA009E1AA5 /* Release */ = {
			isa = XCBuildConfiguration;
			baseConfigurationReference = 4DB2DAC1FBB56E2AC885B9AE /* Pods-cardsTests.release.xcconfig */;
			buildSettings = {
				ALWAYS_EMBED_SWIFT_STANDARD_LIBRARIES = YES;
				BUNDLE_LOADER = "$(TEST_HOST)";
				CODE_SIGN_STYLE = Automatic;
				DEVELOPMENT_TEAM = LPM97SM8GQ;
				INFOPLIST_FILE = cardsTests/Info.plist;
				IPHONEOS_DEPLOYMENT_TARGET = 14.2;
				LD_RUNPATH_SEARCH_PATHS = (
					"$(inherited)",
					"@executable_path/Frameworks",
					"@loader_path/Frameworks",
				);
				PRODUCT_BUNDLE_IDENTIFIER = dev.sundeep.cardsTests;
				PRODUCT_NAME = "$(TARGET_NAME)";
				SWIFT_VERSION = 5.0;
				TARGETED_DEVICE_FAMILY = "1,2";
				TEST_HOST = "$(BUILT_PRODUCTS_DIR)/cards.app/cards";
			};
			name = Release;
		};
		925D4F9127F1BABA009E1AA5 /* Debug */ = {
			isa = XCBuildConfiguration;
			buildSettings = {
				ALWAYS_EMBED_SWIFT_STANDARD_LIBRARIES = YES;
				CODE_SIGN_STYLE = Automatic;
				DEVELOPMENT_TEAM = LPM97SM8GQ;
				INFOPLIST_FILE = cardsUITests/Info.plist;
				LD_RUNPATH_SEARCH_PATHS = (
					"$(inherited)",
					"@executable_path/Frameworks",
					"@loader_path/Frameworks",
				);
				PRODUCT_BUNDLE_IDENTIFIER = dev.sundeep.cardsUITests;
				PRODUCT_NAME = "$(TARGET_NAME)";
				SWIFT_VERSION = 5.0;
				TARGETED_DEVICE_FAMILY = "1,2";
				TEST_TARGET_NAME = cards;
			};
			name = Debug;
		};
		925D4F9227F1BABA009E1AA5 /* Release */ = {
			isa = XCBuildConfiguration;
			buildSettings = {
				ALWAYS_EMBED_SWIFT_STANDARD_LIBRARIES = YES;
				CODE_SIGN_STYLE = Automatic;
				DEVELOPMENT_TEAM = LPM97SM8GQ;
				INFOPLIST_FILE = cardsUITests/Info.plist;
				LD_RUNPATH_SEARCH_PATHS = (
					"$(inherited)",
					"@executable_path/Frameworks",
					"@loader_path/Frameworks",
				);
				PRODUCT_BUNDLE_IDENTIFIER = dev.sundeep.cardsUITests;
				PRODUCT_NAME = "$(TARGET_NAME)";
				SWIFT_VERSION = 5.0;
				TARGETED_DEVICE_FAMILY = "1,2";
				TEST_TARGET_NAME = cards;
			};
			name = Release;
		};
/* End XCBuildConfiguration section */

/* Begin XCConfigurationList section */
		925D4F5B27F1BAB8009E1AA5 /* Build configuration list for PBXProject "cards" */ = {
			isa = XCConfigurationList;
			buildConfigurations = (
				925D4F8827F1BABA009E1AA5 /* Debug */,
				925D4F8927F1BABA009E1AA5 /* Release */,
			);
			defaultConfigurationIsVisible = 0;
			defaultConfigurationName = Release;
		};
		925D4F8A27F1BABA009E1AA5 /* Build configuration list for PBXNativeTarget "cards" */ = {
			isa = XCConfigurationList;
			buildConfigurations = (
				925D4F8B27F1BABA009E1AA5 /* Debug */,
				925D4F8C27F1BABA009E1AA5 /* Release */,
			);
			defaultConfigurationIsVisible = 0;
			defaultConfigurationName = Release;
		};
		925D4F8D27F1BABA009E1AA5 /* Build configuration list for PBXNativeTarget "cardsTests" */ = {
			isa = XCConfigurationList;
			buildConfigurations = (
				925D4F8E27F1BABA009E1AA5 /* Debug */,
				925D4F8F27F1BABA009E1AA5 /* Release */,
			);
			defaultConfigurationIsVisible = 0;
			defaultConfigurationName = Release;
		};
		925D4F9027F1BABA009E1AA5 /* Build configuration list for PBXNativeTarget "cardsUITests" */ = {
			isa = XCConfigurationList;
			buildConfigurations = (
				925D4F9127F1BABA009E1AA5 /* Debug */,
				925D4F9227F1BABA009E1AA5 /* Release */,
			);
			defaultConfigurationIsVisible = 0;
			defaultConfigurationName = Release;
		};
/* End XCConfigurationList section */
	};
	rootObject = 925D4F5827F1BAB8009E1AA5 /* Project object */;
}
